// !$*UTF8*$!
{
	archiveVersion = 1;
	classes = {
	};
	objectVersion = 46;
	objects = {

/* Begin PBXBuildFile section */
		8C15DAA81D109E2F004A041B /* AppDelegate.swift in Sources */ = {isa = PBXBuildFile; fileRef = 8C15DAA71D109E2F004A041B /* AppDelegate.swift */; };
		8C15DAAA1D109E2F004A041B /* ViewController.swift in Sources */ = {isa = PBXBuildFile; fileRef = 8C15DAA91D109E2F004A041B /* ViewController.swift */; };
		8C15DAAD1D109E2F004A041B /* Main.storyboard in Resources */ = {isa = PBXBuildFile; fileRef = 8C15DAAB1D109E2F004A041B /* Main.storyboard */; };
		8C15DAAF1D109E2F004A041B /* Assets.xcassets in Resources */ = {isa = PBXBuildFile; fileRef = 8C15DAAE1D109E2F004A041B /* Assets.xcassets */; };
		8C15DAB21D109E2F004A041B /* LaunchScreen.storyboard in Resources */ = {isa = PBXBuildFile; fileRef = 8C15DAB01D109E2F004A041B /* LaunchScreen.storyboard */; };
		8C15DABD1D109E2F004A041B /* Tip_CalculatorTests.swift in Sources */ = {isa = PBXBuildFile; fileRef = 8C15DABC1D109E2F004A041B /* Tip_CalculatorTests.swift */; };
		8C15DAC81D109E2F004A041B /* Tip_CalculatorUITests.swift in Sources */ = {isa = PBXBuildFile; fileRef = 8C15DAC71D109E2F004A041B /* Tip_CalculatorUITests.swift */; };
/* End PBXBuildFile section */

/* Begin PBXContainerItemProxy section */
		8C15DAB91D109E2F004A041B /* PBXContainerItemProxy */ = {
			isa = PBXContainerItemProxy;
			containerPortal = 8C15DA9C1D109E2F004A041B /* Project object */;
			proxyType = 1;
			remoteGlobalIDString = 8C15DAA31D109E2F004A041B;
			remoteInfo = "Tip Calculator";
		};
		8C15DAC41D109E2F004A041B /* PBXContainerItemProxy */ = {
			isa = PBXContainerItemProxy;
			containerPortal = 8C15DA9C1D109E2F004A041B /* Project object */;
			proxyType = 1;
			remoteGlobalIDString = 8C15DAA31D109E2F004A041B;
			remoteInfo = "Tip Calculator";
		};
/* End PBXContainerItemProxy section */

/* Begin PBXFileReference section */
		8C15DAA41D109E2F004A041B /* Tip Calculator.app */ = {isa = PBXFileReference; explicitFileType = wrapper.application; includeInIndex = 0; path = "Tip Calculator.app"; sourceTree = BUILT_PRODUCTS_DIR; };
		8C15DAA71D109E2F004A041B /* AppDelegate.swift */ = {isa = PBXFileReference; lastKnownFileType = sourcecode.swift; path = AppDelegate.swift; sourceTree = "<group>"; };
		8C15DAA91D109E2F004A041B /* ViewController.swift */ = {isa = PBXFileReference; lastKnownFileType = sourcecode.swift; path = ViewController.swift; sourceTree = "<group>"; };
		8C15DAAC1D109E2F004A041B /* Base */ = {isa = PBXFileReference; lastKnownFileType = file.storyboard; name = Base; path = Base.lproj/Main.storyboard; sourceTree = "<group>"; };
		8C15DAAE1D109E2F004A041B /* Assets.xcassets */ = {isa = PBXFileReference; lastKnownFileType = folder.assetcatalog; path = Assets.xcassets; sourceTree = "<group>"; };
		8C15DAB11D109E2F004A041B /* Base */ = {isa = PBXFileReference; lastKnownFileType = file.storyboard; name = Base; path = Base.lproj/LaunchScreen.storyboard; sourceTree = "<group>"; };
		8C15DAB31D109E2F004A041B /* Info.plist */ = {isa = PBXFileReference; lastKnownFileType = text.plist.xml; path = Info.plist; sourceTree = "<group>"; };
		8C15DAB81D109E2F004A041B /* Tip CalculatorTests.xctest */ = {isa = PBXFileReference; explicitFileType = wrapper.cfbundle; includeInIndex = 0; path = "Tip CalculatorTests.xctest"; sourceTree = BUILT_PRODUCTS_DIR; };
		8C15DABC1D109E2F004A041B /* Tip_CalculatorTests.swift */ = {isa = PBXFileReference; lastKnownFileType = sourcecode.swift; path = Tip_CalculatorTests.swift; sourceTree = "<group>"; };
		8C15DABE1D109E2F004A041B /* Info.plist */ = {isa = PBXFileReference; lastKnownFileType = text.plist.xml; path = Info.plist; sourceTree = "<group>"; };
		8C15DAC31D109E2F004A041B /* Tip CalculatorUITests.xctest */ = {isa = PBXFileReference; explicitFileType = wrapper.cfbundle; includeInIndex = 0; path = "Tip CalculatorUITests.xctest"; sourceTree = BUILT_PRODUCTS_DIR; };
		8C15DAC71D109E2F004A041B /* Tip_CalculatorUITests.swift */ = {isa = PBXFileReference; lastKnownFileType = sourcecode.swift; path = Tip_CalculatorUITests.swift; sourceTree = "<group>"; };
		8C15DAC91D109E2F004A041B /* Info.plist */ = {isa = PBXFileReference; lastKnownFileType = text.plist.xml; path = Info.plist; sourceTree = "<group>"; };
/* End PBXFileReference section */

/* Begin PBXFrameworksBuildPhase section */
		8C15DAA11D109E2F004A041B /* Frameworks */ = {
			isa = PBXFrameworksBuildPhase;
			buildActionMask = 2147483647;
			files = (
			);
			runOnlyForDeploymentPostprocessing = 0;
		};
		8C15DAB51D109E2F004A041B /* Frameworks */ = {
			isa = PBXFrameworksBuildPhase;
			buildActionMask = 2147483647;
			files = (
			);
			runOnlyForDeploymentPostprocessing = 0;
		};
		8C15DAC01D109E2F004A041B /* Frameworks */ = {
			isa = PBXFrameworksBuildPhase;
			buildActionMask = 2147483647;
			files = (
			);
			runOnlyForDeploymentPostprocessing = 0;
		};
/* End PBXFrameworksBuildPhase section */

/* Begin PBXGroup section */
		8C15DA9B1D109E2F004A041B = {
			isa = PBXGroup;
			children = (
				8C15DAA61D109E2F004A041B /* Tip Calculator */,
				8C15DABB1D109E2F004A041B /* Tip CalculatorTests */,
				8C15DAC61D109E2F004A041B /* Tip CalculatorUITests */,
				8C15DAA51D109E2F004A041B /* Products */,
			);
			sourceTree = "<group>";
		};
		8C15DAA51D109E2F004A041B /* Products */ = {
			isa = PBXGroup;
			children = (
				8C15DAA41D109E2F004A041B /* Tip Calculator.app */,
				8C15DAB81D109E2F004A041B /* Tip CalculatorTests.xctest */,
				8C15DAC31D109E2F004A041B /* Tip CalculatorUITests.xctest */,
			);
			name = Products;
			sourceTree = "<group>";
		};
		8C15DAA61D109E2F004A041B /* Tip Calculator */ = {
			isa = PBXGroup;
			children = (
				8C15DAA71D109E2F004A041B /* AppDelegate.swift */,
				8C15DAA91D109E2F004A041B /* ViewController.swift */,
				8C15DAAB1D109E2F004A041B /* Main.storyboard */,
				8C15DAAE1D109E2F004A041B /* Assets.xcassets */,
				8C15DAB01D109E2F004A041B /* LaunchScreen.storyboard */,
				8C15DAB31D109E2F004A041B /* Info.plist */,
			);
			path = "Tip Calculator";
			sourceTree = "<group>";
		};
		8C15DABB1D109E2F004A041B /* Tip CalculatorTests */ = {
			isa = PBXGroup;
			children = (
				8C15DABC1D109E2F004A041B /* Tip_CalculatorTests.swift */,
				8C15DABE1D109E2F004A041B /* Info.plist */,
			);
			path = "Tip CalculatorTests";
			sourceTree = "<group>";
		};
		8C15DAC61D109E2F004A041B /* Tip CalculatorUITests */ = {
			isa = PBXGroup;
			children = (
				8C15DAC71D109E2F004A041B /* Tip_CalculatorUITests.swift */,
				8C15DAC91D109E2F004A041B /* Info.plist */,
			);
			path = "Tip CalculatorUITests";
			sourceTree = "<group>";
		};
/* End PBXGroup section */

/* Begin PBXNativeTarget section */
		8C15DAA31D109E2F004A041B /* Tip Calculator */ = {
			isa = PBXNativeTarget;
			buildConfigurationList = 8C15DACC1D109E2F004A041B /* Build configuration list for PBXNativeTarget "Tip Calculator" */;
			buildPhases = (
				8C15DAA01D109E2F004A041B /* Sources */,
				8C15DAA11D109E2F004A041B /* Frameworks */,
				8C15DAA21D109E2F004A041B /* Resources */,
			);
			buildRules = (
			);
			dependencies = (
			);
			name = "Tip Calculator";
			productName = "Tip Calculator";
			productReference = 8C15DAA41D109E2F004A041B /* Tip Calculator.app */;
			productType = "com.apple.product-type.application";
		};
		8C15DAB71D109E2F004A041B /* Tip CalculatorTests */ = {
			isa = PBXNativeTarget;
			buildConfigurationList = 8C15DACF1D109E2F004A041B /* Build configuration list for PBXNativeTarget "Tip CalculatorTests" */;
			buildPhases = (
				8C15DAB41D109E2F004A041B /* Sources */,
				8C15DAB51D109E2F004A041B /* Frameworks */,
				8C15DAB61D109E2F004A041B /* Resources */,
			);
			buildRules = (
			);
			dependencies = (
				8C15DABA1D109E2F004A041B /* PBXTargetDependency */,
			);
			name = "Tip CalculatorTests";
			productName = "Tip CalculatorTests";
			productReference = 8C15DAB81D109E2F004A041B /* Tip CalculatorTests.xctest */;
			productType = "com.apple.product-type.bundle.unit-test";
		};
		8C15DAC21D109E2F004A041B /* Tip CalculatorUITests */ = {
			isa = PBXNativeTarget;
			buildConfigurationList = 8C15DAD21D109E2F004A041B /* Build configuration list for PBXNativeTarget "Tip CalculatorUITests" */;
			buildPhases = (
				8C15DABF1D109E2F004A041B /* Sources */,
				8C15DAC01D109E2F004A041B /* Frameworks */,
				8C15DAC11D109E2F004A041B /* Resources */,
			);
			buildRules = (
			);
			dependencies = (
				8C15DAC51D109E2F004A041B /* PBXTargetDependency */,
			);
			name = "Tip CalculatorUITests";
			productName = "Tip CalculatorUITests";
			productReference = 8C15DAC31D109E2F004A041B /* Tip CalculatorUITests.xctest */;
			productType = "com.apple.product-type.bundle.ui-testing";
		};
/* End PBXNativeTarget section */

/* Begin PBXProject section */
		8C15DA9C1D109E2F004A041B /* Project object */ = {
			isa = PBXProject;
			attributes = {
				LastSwiftUpdateCheck = 0730;
				LastUpgradeCheck = 0730;
				ORGANIZATIONNAME = "Alexina Boudreaux-Allen";
				TargetAttributes = {
					8C15DAA31D109E2F004A041B = {
						CreatedOnToolsVersion = 7.3.1;
						DevelopmentTeam = BUD5KK8D4U;
					};
					8C15DAB71D109E2F004A041B = {
						CreatedOnToolsVersion = 7.3.1;
						TestTargetID = 8C15DAA31D109E2F004A041B;
					};
					8C15DAC21D109E2F004A041B = {
						CreatedOnToolsVersion = 7.3.1;
						TestTargetID = 8C15DAA31D109E2F004A041B;
					};
				};
			};
			buildConfigurationList = 8C15DA9F1D109E2F004A041B /* Build configuration list for PBXProject "Tip Calculator" */;
			compatibilityVersion = "Xcode 3.2";
			developmentRegion = English;
			hasScannedForEncodings = 0;
			knownRegions = (
				en,
				Base,
			);
			mainGroup = 8C15DA9B1D109E2F004A041B;
			productRefGroup = 8C15DAA51D109E2F004A041B /* Products */;
			projectDirPath = "";
			projectRoot = "";
			targets = (
				8C15DAA31D109E2F004A041B /* Tip Calculator */,
				8C15DAB71D109E2F004A041B /* Tip CalculatorTests */,
				8C15DAC21D109E2F004A041B /* Tip CalculatorUITests */,
			);
		};
/* End PBXProject section */

/* Begin PBXResourcesBuildPhase section */
		8C15DAA21D109E2F004A041B /* Resources */ = {
			isa = PBXResourcesBuildPhase;
			buildActionMask = 2147483647;
			files = (
				8C15DAB21D109E2F004A041B /* LaunchScreen.storyboard in Resources */,
				8C15DAAF1D109E2F004A041B /* Assets.xcassets in Resources */,
				8C15DAAD1D109E2F004A041B /* Main.storyboard in Resources */,
			);
			runOnlyForDeploymentPostprocessing = 0;
		};
		8C15DAB61D109E2F004A041B /* Resources */ = {
			isa = PBXResourcesBuildPhase;
			buildActionMask = 2147483647;
			files = (
			);
			runOnlyForDeploymentPostprocessing = 0;
		};
		8C15DAC11D109E2F004A041B /* Resources */ = {
			isa = PBXResourcesBuildPhase;
			buildActionMask = 2147483647;
			files = (
			);
			runOnlyForDeploymentPostprocessing = 0;
		};
/* End PBXResourcesBuildPhase section */

/* Begin PBXSourcesBuildPhase section */
		8C15DAA01D109E2F004A041B /* Sources */ = {
			isa = PBXSourcesBuildPhase;
			buildActionMask = 2147483647;
			files = (
				8C15DAAA1D109E2F004A041B /* ViewController.swift in Sources */,
				8C15DAA81D109E2F004A041B /* AppDelegate.swift in Sources */,
			);
			runOnlyForDeploymentPostprocessing = 0;
		};
		8C15DAB41D109E2F004A041B /* Sources */ = {
			isa = PBXSourcesBuildPhase;
			buildActionMask = 2147483647;
			files = (
				8C15DABD1D109E2F004A041B /* Tip_CalculatorTests.swift in Sources */,
			);
			runOnlyForDeploymentPostprocessing = 0;
		};
		8C15DABF1D109E2F004A041B /* Sources */ = {
			isa = PBXSourcesBuildPhase;
			buildActionMask = 2147483647;
			files = (
				8C15DAC81D109E2F004A041B /* Tip_CalculatorUITests.swift in Sources */,
			);
			runOnlyForDeploymentPostprocessing = 0;
		};
/* End PBXSourcesBuildPhase section */

/* Begin PBXTargetDependency section */
		8C15DABA1D109E2F004A041B /* PBXTargetDependency */ = {
			isa = PBXTargetDependency;
			target = 8C15DAA31D109E2F004A041B /* Tip Calculator */;
			targetProxy = 8C15DAB91D109E2F004A041B /* PBXContainerItemProxy */;
		};
		8C15DAC51D109E2F004A041B /* PBXTargetDependency */ = {
			isa = PBXTargetDependency;
			target = 8C15DAA31D109E2F004A041B /* Tip Calculator */;
			targetProxy = 8C15DAC41D109E2F004A041B /* PBXContainerItemProxy */;
		};
/* End PBXTargetDependency section */

/* Begin PBXVariantGroup section */
		8C15DAAB1D109E2F004A041B /* Main.storyboard */ = {
			isa = PBXVariantGroup;
			children = (
				8C15DAAC1D109E2F004A041B /* Base */,
			);
			name = Main.storyboard;
			sourceTree = "<group>";
		};
		8C15DAB01D109E2F004A041B /* LaunchScreen.storyboard */ = {
			isa = PBXVariantGroup;
			children = (
				8C15DAB11D109E2F004A041B /* Base */,
			);
			name = LaunchScreen.storyboard;
			sourceTree = "<group>";
		};
/* End PBXVariantGroup section */

/* Begin XCBuildConfiguration section */
		8C15DACA1D109E2F004A041B /* Debug */ = {
			isa = XCBuildConfiguration;
			buildSettings = {
				ALWAYS_SEARCH_USER_PATHS = NO;
				CLANG_ANALYZER_NONNULL = YES;
				CLANG_CXX_LANGUAGE_STANDARD = "gnu++0x";
				CLANG_CXX_LIBRARY = "libc++";
				CLANG_ENABLE_MODULES = YES;
				CLANG_ENABLE_OBJC_ARC = YES;
				CLANG_WARN_BOOL_CONVERSION = YES;
				CLANG_WARN_CONSTANT_CONVERSION = YES;
				CLANG_WARN_DIRECT_OBJC_ISA_USAGE = YES_ERROR;
				CLANG_WARN_EMPTY_BODY = YES;
				CLANG_WARN_ENUM_CONVERSION = YES;
				CLANG_WARN_INT_CONVERSION = YES;
				CLANG_WARN_OBJC_ROOT_CLASS = YES_ERROR;
				CLANG_WARN_UNREACHABLE_CODE = YES;
				CLANG_WARN__DUPLICATE_METHOD_MATCH = YES;
				"CODE_SIGN_IDENTITY[sdk=iphoneos*]" = "iPhone Developer";
				COPY_PHASE_STRIP = NO;
				DEBUG_INFORMATION_FORMAT = dwarf;
				ENABLE_STRICT_OBJC_MSGSEND = YES;
				ENABLE_TESTABILITY = YES;
				GCC_C_LANGUAGE_STANDARD = gnu99;
				GCC_DYNAMIC_NO_PIC = NO;
				GCC_NO_COMMON_BLOCKS = YES;
				GCC_OPTIMIZATION_LEVEL = 0;
				GCC_PREPROCESSOR_DEFINITIONS = (
					"DEBUG=1",
					"$(inherited)",
				);
				GCC_WARN_64_TO_32_BIT_CONVERSION = YES;
				GCC_WARN_ABOUT_RETURN_TYPE = YES_ERROR;
				GCC_WARN_UNDECLARED_SELECTOR = YES;
				GCC_WARN_UNINITIALIZED_AUTOS = YES_AGGRESSIVE;
				GCC_WARN_UNUSED_FUNCTION = YES;
				GCC_WARN_UNUSED_VARIABLE = YES;
				IPHONEOS_DEPLOYMENT_TARGET = 9.3;
				MTL_ENABLE_DEBUG_INFO = YES;
				ONLY_ACTIVE_ARCH = YES;
				SDKROOT = iphoneos;
				SWIFT_OPTIMIZATION_LEVEL = "-Onone";
			};
			name = Debug;
		};
		8C15DACB1D109E2F004A041B /* Release */ = {
			isa = XCBuildConfiguration;
			buildSettings = {
				ALWAYS_SEARCH_USER_PATHS = NO;
				CLANG_ANALYZER_NONNULL = YES;
				CLANG_CXX_LANGUAGE_STANDARD = "gnu++0x";
				CLANG_CXX_LIBRARY = "libc++";
				CLANG_ENABLE_MODULES = YES;
				CLANG_ENABLE_OBJC_ARC = YES;
				CLANG_WARN_BOOL_CONVERSION = YES;
				CLANG_WARN_CONSTANT_CONVERSION = YES;
				CLANG_WARN_DIRECT_OBJC_ISA_USAGE = YES_ERROR;
				CLANG_WARN_EMPTY_BODY = YES;
				CLANG_WARN_ENUM_CONVERSION = YES;
				CLANG_WARN_INT_CONVERSION = YES;
				CLANG_WARN_OBJC_ROOT_CLASS = YES_ERROR;
				CLANG_WARN_UNREACHABLE_CODE = YES;
				CLANG_WARN__DUPLICATE_METHOD_MATCH = YES;
				"CODE_SIGN_IDENTITY[sdk=iphoneos*]" = "iPhone Developer";
				COPY_PHASE_STRIP = NO;
				DEBUG_INFORMATION_FORMAT = "dwarf-with-dsym";
				ENABLE_NS_ASSERTIONS = NO;
				ENABLE_STRICT_OBJC_MSGSEND = YES;
				GCC_C_LANGUAGE_STANDARD = gnu99;
				GCC_NO_COMMON_BLOCKS = YES;
				GCC_WARN_64_TO_32_BIT_CONVERSION = YES;
				GCC_WARN_ABOUT_RETURN_TYPE = YES_ERROR;
				GCC_WARN_UNDECLARED_SELECTOR = YES;
				GCC_WARN_UNINITIALIZED_AUTOS = YES_AGGRESSIVE;
				GCC_WARN_UNUSED_FUNCTION = YES;
				GCC_WARN_UNUSED_VARIABLE = YES;
				IPHONEOS_DEPLOYMENT_TARGET = 9.3;
				MTL_ENABLE_DEBUG_INFO = NO;
				SDKROOT = iphoneos;
				VALIDATE_PRODUCT = YES;
			};
			name = Release;
		};
		8C15DACD1D109E2F004A041B /* Debug */ = {
			isa = XCBuildConfiguration;
			buildSettings = {
				ASSETCATALOG_COMPILER_APPICON_NAME = AppIcon;
				CODE_SIGN_IDENTITY = "iPhone Developer";
				"CODE_SIGN_IDENTITY[sdk=iphoneos*]" = "iPhone Developer";
				INFOPLIST_FILE = "Tip Calculator/Info.plist";
				LD_RUNPATH_SEARCH_PATHS = "$(inherited) @executable_path/Frameworks";
				PRODUCT_BUNDLE_IDENTIFIER = "com.codepath.Tip-Calculator";
				PRODUCT_NAME = "$(TARGET_NAME)";
				PROVISIONING_PROFILE = "";
			};
			name = Debug;
		};
		8C15DACE1D109E2F004A041B /* Release */ = {
			isa = XCBuildConfiguration;
			buildSettings = {
				ASSETCATALOG_COMPILER_APPICON_NAME = AppIcon;
				CODE_SIGN_IDENTITY = "iPhone Developer";
				"CODE_SIGN_IDENTITY[sdk=iphoneos*]" = "iPhone Developer";
				INFOPLIST_FILE = "Tip Calculator/Info.plist";
				LD_RUNPATH_SEARCH_PATHS = "$(inherited) @executable_path/Frameworks";
				PRODUCT_BUNDLE_IDENTIFIER = "com.codepath.Tip-Calculator";
				PRODUCT_NAME = "$(TARGET_NAME)";
				PROVISIONING_PROFILE = "";
			};
			name = Release;
		};
		8C15DAD01D109E2F004A041B /* Debug */ = {
			isa = XCBuildConfiguration;
			buildSettings = {
				BUNDLE_LOADER = "$(TEST_HOST)";
				INFOPLIST_FILE = "Tip CalculatorTests/Info.plist";
				LD_RUNPATH_SEARCH_PATHS = "$(inherited) @executable_path/Frameworks @loader_path/Frameworks";
				PRODUCT_BUNDLE_IDENTIFIER = "com.codepath.Tip-CalculatorTests";
				PRODUCT_NAME = "$(TARGET_NAME)";
				TEST_HOST = "$(BUILT_PRODUCTS_DIR)/Tip Calculator.app/Tip Calculator";
			};
			name = Debug;
		};
		8C15DAD11D109E2F004A041B /* Release */ = {
			isa = XCBuildConfiguration;
			buildSettings = {
				BUNDLE_LOADER = "$(TEST_HOST)";
				INFOPLIST_FILE = "Tip CalculatorTests/Info.plist";
				LD_RUNPATH_SEARCH_PATHS = "$(inherited) @executable_path/Frameworks @loader_path/Frameworks";
				PRODUCT_BUNDLE_IDENTIFIER = "com.codepath.Tip-CalculatorTests";
				PRODUCT_NAME = "$(TARGET_NAME)";
				TEST_HOST = "$(BUILT_PRODUCTS_DIR)/Tip Calculator.app/Tip Calculator";
			};
			name = Release;
		};
		8C15DAD31D109E2F004A041B /* Debug */ = {
			isa = XCBuildConfiguration;
			buildSettings = {
				INFOPLIST_FILE = "Tip CalculatorUITests/Info.plist";
				LD_RUNPATH_SEARCH_PATHS = "$(inherited) @executable_path/Frameworks @loader_path/Frameworks";
				PRODUCT_BUNDLE_IDENTIFIER = "com.codepath.Tip-CalculatorUITests";
				PRODUCT_NAME = "$(TARGET_NAME)";
				TEST_TARGET_NAME = "Tip Calculator";
			};
			name = Debug;
		};
		8C15DAD41D109E2F004A041B /* Release */ = {
			isa = XCBuildConfiguration;
			buildSettings = {
				INFOPLIST_FILE = "Tip CalculatorUITests/Info.plist";
				LD_RUNPATH_SEARCH_PATHS = "$(inherited) @executable_path/Frameworks @loader_path/Frameworks";
				PRODUCT_BUNDLE_IDENTIFIER = "com.codepath.Tip-CalculatorUITests";
				PRODUCT_NAME = "$(TARGET_NAME)";
				TEST_TARGET_NAME = "Tip Calculator";
			};
			name = Release;
		};
/* End XCBuildConfiguration section */

/* Begin XCConfigurationList section */
		8C15DA9F1D109E2F004A041B /* Build configuration list for PBXProject "Tip Calculator" */ = {
			isa = XCConfigurationList;
			buildConfigurations = (
				8C15DACA1D109E2F004A041B /* Debug */,
				8C15DACB1D109E2F004A041B /* Release */,
			);
			defaultConfigurationIsVisible = 0;
			defaultConfigurationName = Release;
		};
		8C15DACC1D109E2F004A041B /* Build configuration list for PBXNativeTarget "Tip Calculator" */ = {
			isa = XCConfigurationList;
			buildConfigurations = (
				8C15DACD1D109E2F004A041B /* Debug */,
				8C15DACE1D109E2F004A041B /* Release */,
			);
			defaultConfigurationIsVisible = 0;
		};
		8C15DACF1D109E2F004A041B /* Build configuration list for PBXNativeTarget "Tip CalculatorTests" */ = {
			isa = XCConfigurationList;
			buildConfigurations = (
				8C15DAD01D109E2F004A041B /* Debug */,
				8C15DAD11D109E2F004A041B /* Release */,
			);
			defaultConfigurationIsVisible = 0;
		};
		8C15DAD21D109E2F004A041B /* Build configuration list for PBXNativeTarget "Tip CalculatorUITests" */ = {
			isa = XCConfigurationList;
			buildConfigurations = (
				8C15DAD31D109E2F004A041B /* Debug */,
				8C15DAD41D109E2F004A041B /* Release */,
			);
			defaultConfigurationIsVisible = 0;
		};
/* End XCConfigurationList section */
	};
	rootObject = 8C15DA9C1D109E2F004A041B /* Project object */;
}
